{
  "requires": true,
  "lockfileVersion": 1,
  "dependencies": {
    "@mdi/svg": {
      "version": "5.3.45",
      "resolved": "https://registry.npmjs.org/@mdi/svg/-/svg-5.3.45.tgz",
      "integrity": "sha512-MHUZBDSRDG6uWcRlQs4nALliPRT8u4gg5E+knk7FuFBUb3NjFgjT0PjdnTyEN0f3mwVLzLvggs7v7G/NVO+gaw=="
    }
  }
}
